
Microsoft Visual Studio Solution File, Format Version 12.00
# Visual Studio Version 16
VisualStudioVersion = 16.0.31321.278
MinimumVisualStudioVersion = 10.0.40219.1
Project("{FAE04EC0-301F-11D3-BF4B-00C04F79EFBC}") = "MoneyCalculator", "MoneyCalculator\MoneyCalculator.csproj", "{537F7F73-6472-4B7C-8C4B-76EFB5BD0669}"
EndProject
Global
	GlobalSection(SolutionConfigurationPlatforms) = preSolution
		Debug|Any CPU = Debug|Any CPU
		Release|Any CPU = Release|Any CPU
	EndGlobalSection
	GlobalSection(ProjectConfigurationPlatforms) = postSolution
		{537F7F73-6472-4B7C-8C4B-76EFB5BD0669}.Debug|Any CPU.ActiveCfg = Debug|Any CPU
		{537F7F73-6472-4B7C-8C4B-76EFB5BD0669}.Debug|Any CPU.Build.0 = Debug|Any CPU
		{537F7F73-6472-4B7C-8C4B-76EFB5BD0669}.Release|Any CPU.ActiveCfg = Release|Any CPU
		{537F7F73-6472-4B7C-8C4B-76EFB5BD0669}.Release|Any CPU.Build.0 = Release|Any CPU
	EndGlobalSection
	GlobalSection(SolutionProperties) = preSolution
		HideSolutionNode = FALSE
	EndGlobalSection
	GlobalSection(ExtensibilityGlobals) = postSolution
		SolutionGuid = {72D0C9F6-7597-4FB2-984C-9DC49623958F}
	EndGlobalSection
EndGlobal
